
Microsoft Visual Studio Solution File, Format Version 12.00
# Visual Studio Version 16
VisualStudioVersion = 16.0.30621.155
MinimumVisualStudioVersion = 10.0.40219.1
Project("{9A19103F-16F7-4668-BE54-9A1E7A4F7556}") = "Polymorphism", "Polymorphism\Polymorphism.csproj", "{55EB100A-7195-41F0-8528-27D242F24832}"
EndProject
Project("{9A19103F-16F7-4668-BE54-9A1E7A4F7556}") = "AnimalsDemo", "Animals\AnimalsDemo.csproj", "{115693E8-E3DD-4A88-877C-BCDF31ACFD4C}"
EndProject
Project("{9A19103F-16F7-4668-BE54-9A1E7A4F7556}") = "TernaryOperator", "IsKeyword\TernaryOperator.csproj", "{56984E0A-0AF0-48FB-83E3-9BA511AE8706}"
EndProject
Project("{9A19103F-16F7-4668-BE54-9A1E7A4F7556}") = "Operations", "Operations\Operations.csproj", "{8D0AD73A-B688-4E62-A9E5-D2F1A81E6D6E}"
EndProject
Project("{9A19103F-16F7-4668-BE54-9A1E7A4F7556}") = "Animals", "Animals2\Animals.csproj", "{E7E1E043-1E09-4225-8ACF-D074557AEF1F}"
EndProject
Project("{9A19103F-16F7-4668-BE54-9A1E7A4F7556}") = "Game", "Game\Game.csproj", "{562FC75C-6BB3-4949-BF9E-C197C0BBA2A2}"
EndProject
Project("{9A19103F-16F7-4668-BE54-9A1E7A4F7556}") = "Shapes", "Shapes\Shapes.csproj", "{44F52C10-BFA5-4C0E-85AC-0514842E8DE5}"
EndProject
Project("{9A19103F-16F7-4668-BE54-9A1E7A4F7556}") = "Vehicles", "Vehicles\Vehicles.csproj", "{2AEA19B0-1C39-4684-9A11-AB95180F396A}"
EndProject
Project("{9A19103F-16F7-4668-BE54-9A1E7A4F7556}") = "WildFarm", "WildFarm\WildFarm.csproj", "{80588B61-D438-4E0F-80AD-071BEC03735C}"
EndProject
Project("{FAE04EC0-301F-11D3-BF4B-00C04F79EFBC}") = "Raiding", "Raiding\Raiding.csproj", "{58D6755C-F5BC-433D-9657-47111D53DA4F}"
EndProject
Global
	GlobalSection(SolutionConfigurationPlatforms) = preSolution
		Debug|Any CPU = Debug|Any CPU
		Release|Any CPU = Release|Any CPU
	EndGlobalSection
	GlobalSection(ProjectConfigurationPlatforms) = postSolution
		{55EB100A-7195-41F0-8528-27D242F24832}.Debug|Any CPU.ActiveCfg = Debug|Any CPU
		{55EB100A-7195-41F0-8528-27D242F24832}.Debug|Any CPU.Build.0 = Debug|Any CPU
		{55EB100A-7195-41F0-8528-27D242F24832}.Release|Any CPU.ActiveCfg = Release|Any CPU
		{55EB100A-7195-41F0-8528-27D242F24832}.Release|Any CPU.Build.0 = Release|Any CPU
		{115693E8-E3DD-4A88-877C-BCDF31ACFD4C}.Debug|Any CPU.ActiveCfg = Debug|Any CPU
		{115693E8-E3DD-4A88-877C-BCDF31ACFD4C}.Debug|Any CPU.Build.0 = Debug|Any CPU
		{115693E8-E3DD-4A88-877C-BCDF31ACFD4C}.Release|Any CPU.ActiveCfg = Release|Any CPU
		{115693E8-E3DD-4A88-877C-BCDF31ACFD4C}.Release|Any CPU.Build.0 = Release|Any CPU
		{56984E0A-0AF0-48FB-83E3-9BA511AE8706}.Debug|Any CPU.ActiveCfg = Debug|Any CPU
		{56984E0A-0AF0-48FB-83E3-9BA511AE8706}.Debug|Any CPU.Build.0 = Debug|Any CPU
		{56984E0A-0AF0-48FB-83E3-9BA511AE8706}.Release|Any CPU.ActiveCfg = Release|Any CPU
		{56984E0A-0AF0-48FB-83E3-9BA511AE8706}.Release|Any CPU.Build.0 = Release|Any CPU
		{8D0AD73A-B688-4E62-A9E5-D2F1A81E6D6E}.Debug|Any CPU.ActiveCfg = Debug|Any CPU
		{8D0AD73A-B688-4E62-A9E5-D2F1A81E6D6E}.Debug|Any CPU.Build.0 = Debug|Any CPU
		{8D0AD73A-B688-4E62-A9E5-D2F1A81E6D6E}.Release|Any CPU.ActiveCfg = Release|Any CPU
		{8D0AD73A-B688-4E62-A9E5-D2F1A81E6D6E}.Release|Any CPU.Build.0 = Release|Any CPU
		{E7E1E043-1E09-4225-8ACF-D074557AEF1F}.Debug|Any CPU.ActiveCfg = Debug|Any CPU
		{E7E1E043-1E09-4225-8ACF-D074557AEF1F}.Debug|Any CPU.Build.0 = Debug|Any CPU
		{E7E1E043-1E09-4225-8ACF-D074557AEF1F}.Release|Any CPU.ActiveCfg = Release|Any CPU
		{E7E1E043-1E09-4225-8ACF-D074557AEF1F}.Release|Any CPU.Build.0 = Release|Any CPU
		{562FC75C-6BB3-4949-BF9E-C197C0BBA2A2}.Debug|Any CPU.ActiveCfg = Debug|Any CPU
		{562FC75C-6BB3-4949-BF9E-C197C0BBA2A2}.Debug|Any CPU.Build.0 = Debug|Any CPU
		{562FC75C-6BB3-4949-BF9E-C197C0BBA2A2}.Release|Any CPU.ActiveCfg = Release|Any CPU
		{562FC75C-6BB3-4949-BF9E-C197C0BBA2A2}.Release|Any CPU.Build.0 = Release|Any CPU
		{44F52C10-BFA5-4C0E-85AC-0514842E8DE5}.Debug|Any CPU.ActiveCfg = Debug|Any CPU
		{44F52C10-BFA5-4C0E-85AC-0514842E8DE5}.Debug|Any CPU.Build.0 = Debug|Any CPU
		{44F52C10-BFA5-4C0E-85AC-0514842E8DE5}.Release|Any CPU.ActiveCfg = Release|Any CPU
		{44F52C10-BFA5-4C0E-85AC-0514842E8DE5}.Release|Any CPU.Build.0 = Release|Any CPU
		{2AEA19B0-1C39-4684-9A11-AB95180F396A}.Debug|Any CPU.ActiveCfg = Debug|Any CPU
		{2AEA19B0-1C39-4684-9A11-AB95180F396A}.Debug|Any CPU.Build.0 = Debug|Any CPU
		{2AEA19B0-1C39-4684-9A11-AB95180F396A}.Release|Any CPU.ActiveCfg = Release|Any CPU
		{2AEA19B0-1C39-4684-9A11-AB95180F396A}.Release|Any CPU.Build.0 = Release|Any CPU
		{80588B61-D438-4E0F-80AD-071BEC03735C}.Debug|Any CPU.ActiveCfg = Debug|Any CPU
		{80588B61-D438-4E0F-80AD-071BEC03735C}.Debug|Any CPU.Build.0 = Debug|Any CPU
		{80588B61-D438-4E0F-80AD-071BEC03735C}.Release|Any CPU.ActiveCfg = Release|Any CPU
		{80588B61-D438-4E0F-80AD-071BEC03735C}.Release|Any CPU.Build.0 = Release|Any CPU
		{58D6755C-F5BC-433D-9657-47111D53DA4F}.Debug|Any CPU.ActiveCfg = Debug|Any CPU
		{58D6755C-F5BC-433D-9657-47111D53DA4F}.Debug|Any CPU.Build.0 = Debug|Any CPU
		{58D6755C-F5BC-433D-9657-47111D53DA4F}.Release|Any CPU.ActiveCfg = Release|Any CPU
		{58D6755C-F5BC-433D-9657-47111D53DA4F}.Release|Any CPU.Build.0 = Release|Any CPU
	EndGlobalSection
	GlobalSection(SolutionProperties) = preSolution
		HideSolutionNode = FALSE
	EndGlobalSection
	GlobalSection(ExtensibilityGlobals) = postSolution
		SolutionGuid = {AA435A14-20DA-44DB-909D-E498B2B8EB4F}
	EndGlobalSection
EndGlobal
